
Microsoft Visual Studio Solution File, Format Version 12.00
# Visual Studio Version 16
VisualStudioVersion = 16.0.31624.102
MinimumVisualStudioVersion = 10.0.40219.1
Project("{FAE04EC0-301F-11D3-BF4B-00C04F79EFBC}") = "Nedo2ch", "Nedo2ch\Nedo2ch.csproj", "{E5E14F5A-9F00-4C25-9F14-6B8289B84008}"
EndProject
Global
	GlobalSection(SolutionConfigurationPlatforms) = preSolution
		Debug|Any CPU = Debug|Any CPU
		Release|Any CPU = Release|Any CPU
	EndGlobalSection
	GlobalSection(ProjectConfigurationPlatforms) = postSolution
		{E5E14F5A-9F00-4C25-9F14-6B8289B84008}.Debug|Any CPU.ActiveCfg = Debug|Any CPU
		{E5E14F5A-9F00-4C25-9F14-6B8289B84008}.Debug|Any CPU.Build.0 = Debug|Any CPU
		{E5E14F5A-9F00-4C25-9F14-6B8289B84008}.Release|Any CPU.ActiveCfg = Release|Any CPU
		{E5E14F5A-9F00-4C25-9F14-6B8289B84008}.Release|Any CPU.Build.0 = Release|Any CPU
	EndGlobalSection
	GlobalSection(SolutionProperties) = preSolution
		HideSolutionNode = FALSE
	EndGlobalSection
	GlobalSection(ExtensibilityGlobals) = postSolution
		SolutionGuid = {8CE5CBA5-0D1B-4805-9414-F386082A5CD6}
	EndGlobalSection
EndGlobal
